
Microsoft Visual Studio Solution File, Format Version 12.00
# Visual Studio Version 16
VisualStudioVersion = 16.0.30717.126
MinimumVisualStudioVersion = 10.0.40219.1
Project("{9A19103F-16F7-4668-BE54-9A1E7A4F7556}") = "CryptoMetrics", "CryptoMetrics\CryptoMetrics.csproj", "{6B6F5D5C-52C4-4E83-8BE5-B8E0F1C7F597}"
EndProject
Project("{FAE04EC0-301F-11D3-BF4B-00C04F79EFBC}") = "CompanyAnalysis", "CompanyAnalysis\CompanyAnalysis.csproj", "{5F909816-7D8E-4934-B670-675DEDF18421}"
EndProject
Global
	GlobalSection(SolutionConfigurationPlatforms) = preSolution
		Debug|Any CPU = Debug|Any CPU
		Release|Any CPU = Release|Any CPU
	EndGlobalSection
	GlobalSection(ProjectConfigurationPlatforms) = postSolution
		{6B6F5D5C-52C4-4E83-8BE5-B8E0F1C7F597}.Debug|Any CPU.ActiveCfg = Debug|Any CPU
		{6B6F5D5C-52C4-4E83-8BE5-B8E0F1C7F597}.Debug|Any CPU.Build.0 = Debug|Any CPU
		{6B6F5D5C-52C4-4E83-8BE5-B8E0F1C7F597}.Release|Any CPU.ActiveCfg = Release|Any CPU
		{6B6F5D5C-52C4-4E83-8BE5-B8E0F1C7F597}.Release|Any CPU.Build.0 = Release|Any CPU
		{5F909816-7D8E-4934-B670-675DEDF18421}.Debug|Any CPU.ActiveCfg = Debug|Any CPU
		{5F909816-7D8E-4934-B670-675DEDF18421}.Debug|Any CPU.Build.0 = Debug|Any CPU
		{5F909816-7D8E-4934-B670-675DEDF18421}.Release|Any CPU.ActiveCfg = Release|Any CPU
		{5F909816-7D8E-4934-B670-675DEDF18421}.Release|Any CPU.Build.0 = Release|Any CPU
	EndGlobalSection
	GlobalSection(SolutionProperties) = preSolution
		HideSolutionNode = FALSE
	EndGlobalSection
	GlobalSection(ExtensibilityGlobals) = postSolution
		SolutionGuid = {286AFD0D-27DD-4478-9F1E-EB49A644F86B}
	EndGlobalSection
EndGlobal
